
Microsoft Visual Studio Solution File, Format Version 12.00
# Visual Studio Version 16
VisualStudioVersion = 16.0.31025.194
MinimumVisualStudioVersion = 10.0.40219.1
Project("{FAE04EC0-301F-11D3-BF4B-00C04F79EFBC}") = "ImageProcessingTool", "ImageProcessingTool\ImageProcessingTool.csproj", "{753E37E4-FC69-41DD-9EB6-734C34EA6041}"
EndProject
Global
	GlobalSection(SolutionConfigurationPlatforms) = preSolution
		Debug|Any CPU = Debug|Any CPU
		Release|Any CPU = Release|Any CPU
	EndGlobalSection
	GlobalSection(ProjectConfigurationPlatforms) = postSolution
		{753E37E4-FC69-41DD-9EB6-734C34EA6041}.Debug|Any CPU.ActiveCfg = Debug|Any CPU
		{753E37E4-FC69-41DD-9EB6-734C34EA6041}.Debug|Any CPU.Build.0 = Debug|Any CPU
		{753E37E4-FC69-41DD-9EB6-734C34EA6041}.Release|Any CPU.ActiveCfg = Release|Any CPU
		{753E37E4-FC69-41DD-9EB6-734C34EA6041}.Release|Any CPU.Build.0 = Release|Any CPU
	EndGlobalSection
	GlobalSection(SolutionProperties) = preSolution
		HideSolutionNode = FALSE
	EndGlobalSection
	GlobalSection(ExtensibilityGlobals) = postSolution
		SolutionGuid = {C669F6F8-FAB6-40C8-B0CB-66D6131ACB3D}
	EndGlobalSection
EndGlobal
